
Microsoft Visual Studio Solution File, Format Version 12.00
# Visual Studio Version 16
VisualStudioVersion = 16.0.30114.105
MinimumVisualStudioVersion = 10.0.40219.1
Project("{8BC9CEB8-8B4A-11D0-8D11-00A0C91BC942}") = "CG_M3_lbpais_vf", "CG_M3_lbpais_vf\CG_M3_lbpais_vf.vcxproj", "{0E3598F7-3CF5-41C0-B152-BFDA5992C24A}"
EndProject
Global
	GlobalSection(SolutionConfigurationPlatforms) = preSolution
		Debug|x64 = Debug|x64
		Debug|x86 = Debug|x86
		Release|x64 = Release|x64
		Release|x86 = Release|x86
	EndGlobalSection
	GlobalSection(ProjectConfigurationPlatforms) = postSolution
		{0E3598F7-3CF5-41C0-B152-BFDA5992C24A}.Debug|x64.ActiveCfg = Debug|x64
		{0E3598F7-3CF5-41C0-B152-BFDA5992C24A}.Debug|x64.Build.0 = Debug|x64
		{0E3598F7-3CF5-41C0-B152-BFDA5992C24A}.Debug|x86.ActiveCfg = Debug|Win32
		{0E3598F7-3CF5-41C0-B152-BFDA5992C24A}.Debug|x86.Build.0 = Debug|Win32
		{0E3598F7-3CF5-41C0-B152-BFDA5992C24A}.Release|x64.ActiveCfg = Release|x64
		{0E3598F7-3CF5-41C0-B152-BFDA5992C24A}.Release|x64.Build.0 = Release|x64
		{0E3598F7-3CF5-41C0-B152-BFDA5992C24A}.Release|x86.ActiveCfg = Release|Win32
		{0E3598F7-3CF5-41C0-B152-BFDA5992C24A}.Release|x86.Build.0 = Release|Win32
	EndGlobalSection
	GlobalSection(SolutionProperties) = preSolution
		HideSolutionNode = FALSE
	EndGlobalSection
	GlobalSection(ExtensibilityGlobals) = postSolution
		SolutionGuid = {2DD83A38-556F-4C34-AAA1-C8125B6042E1}
	EndGlobalSection
EndGlobal
